
Microsoft Visual Studio Solution File, Format Version 12.00
# Visual Studio 2015
Project("{FAE04EC0-301F-11D3-BF4B-00C04F79EFBC}") = "DomestikaAR_Test.CSharp", "DomestikaAR_Test.CSharp.csproj", "{FB6DF738-32D8-82B5-C207-169400DA4D74}"
EndProject
Project("{FAE04EC0-301F-11D3-BF4B-00C04F79EFBC}") = "DomestikaAR_Test.CSharp.Editor", "DomestikaAR_Test.CSharp.Editor.csproj", "{7D6E5433-A64B-864A-411A-3C052B59CC9C}"
EndProject
Global
	GlobalSection(SolutionConfigurationPlatforms) = preSolution
		Debug|Any CPU = Debug|Any CPU
		Release|Any CPU = Release|Any CPU
	EndGlobalSection
	GlobalSection(ProjectConfigurationPlatforms) = postSolution
		{FB6DF738-32D8-82B5-C207-169400DA4D74}.Debug|Any CPU.ActiveCfg = Debug|Any CPU
		{FB6DF738-32D8-82B5-C207-169400DA4D74}.Debug|Any CPU.Build.0 = Debug|Any CPU
		{FB6DF738-32D8-82B5-C207-169400DA4D74}.Release|Any CPU.ActiveCfg = Release|Any CPU
		{FB6DF738-32D8-82B5-C207-169400DA4D74}.Release|Any CPU.Build.0 = Release|Any CPU
		{7D6E5433-A64B-864A-411A-3C052B59CC9C}.Debug|Any CPU.ActiveCfg = Debug|Any CPU
		{7D6E5433-A64B-864A-411A-3C052B59CC9C}.Debug|Any CPU.Build.0 = Debug|Any CPU
		{7D6E5433-A64B-864A-411A-3C052B59CC9C}.Release|Any CPU.ActiveCfg = Release|Any CPU
		{7D6E5433-A64B-864A-411A-3C052B59CC9C}.Release|Any CPU.Build.0 = Release|Any CPU
	EndGlobalSection
	GlobalSection(SolutionProperties) = preSolution
		HideSolutionNode = FALSE
	EndGlobalSection
EndGlobal
